
Microsoft Visual Studio Solution File, Format Version 12.00
# Visual Studio Version 16
VisualStudioVersion = 16.0.29102.190
MinimumVisualStudioVersion = 10.0.40219.1
Project("{FAE04EC0-301F-11D3-BF4B-00C04F79EFBC}") = "szmologep", "szmologep\szmologep.csproj", "{2DF57381-0F83-45B0-944D-84F3DFCF1376}"
EndProject
Global
	GlobalSection(SolutionConfigurationPlatforms) = preSolution
		Debug|Any CPU = Debug|Any CPU
		Release|Any CPU = Release|Any CPU
	EndGlobalSection
	GlobalSection(ProjectConfigurationPlatforms) = postSolution
		{2DF57381-0F83-45B0-944D-84F3DFCF1376}.Debug|Any CPU.ActiveCfg = Debug|Any CPU
		{2DF57381-0F83-45B0-944D-84F3DFCF1376}.Debug|Any CPU.Build.0 = Debug|Any CPU
		{2DF57381-0F83-45B0-944D-84F3DFCF1376}.Release|Any CPU.ActiveCfg = Release|Any CPU
		{2DF57381-0F83-45B0-944D-84F3DFCF1376}.Release|Any CPU.Build.0 = Release|Any CPU
	EndGlobalSection
	GlobalSection(SolutionProperties) = preSolution
		HideSolutionNode = FALSE
	EndGlobalSection
	GlobalSection(ExtensibilityGlobals) = postSolution
		SolutionGuid = {ACA42119-AD66-45E3-98FC-101B012EBCA0}
	EndGlobalSection
EndGlobal
